# THIS IS AN AUTOGENERATED FILE. DO NOT EDIT THIS FILE DIRECTLY.
# yarn lockfile v1


binaryen@125.0.0:
  version "125.0.0"
  resolved "https://registry.yarnpkg.com/binaryen/-/binaryen-125.0.0.tgz#ed8b9a6c424668c449f40b47220ae69072e20234"
  integrity sha512-X7CUM9ZnwL/Ow++JH5AJKiemc82J7JyeryuPvXQdXBLcL/rqrC5KMUB1mHiORSolietH9sotvaOZlr6HSwPAlw==
